// !$*UTF8*$!
{
	archiveVersion = 1;
	classes = {
	};
	objectVersion = 46;
	objects = {

/* Begin PBXBuildFile section */
		426CA54119E65891009EDF19 /* sdk_core_demo.h in Headers */ = {isa = PBXBuildFile; fileRef = 426CA54019E65891009EDF19 /* sdk_core_demo.h */; settings = {ATTRIBUTES = (Public, ); }; };
		426CA54B19E65891009EDF19 /* sdk_core_demoTests.m in Sources */ = {isa = PBXBuildFile; fileRef = 426CA54A19E65891009EDF19 /* sdk_core_demoTests.m */; };
/* End PBXBuildFile section */

/* Begin PBXFileReference section */
		426CA53B19E65891009EDF19 /* sdk_core_demo.framework */ = {isa = PBXFileReference; explicitFileType = wrapper.framework; includeInIndex = 0; path = sdk_core_demo.framework; sourceTree = BUILT_PRODUCTS_DIR; };
		426CA53F19E65891009EDF19 /* Info.plist */ = {isa = PBXFileReference; lastKnownFileType = text.plist.xml; path = Info.plist; sourceTree = "<group>"; };
		426CA54019E65891009EDF19 /* sdk_core_demo.h */ = {isa = PBXFileReference; lastKnownFileType = sourcecode.c.h; path = sdk_core_demo.h; sourceTree = "<group>"; };
		426CA54619E65891009EDF19 /* sdk_core_demoTests.xctest */ = {isa = PBXFileReference; explicitFileType = wrapper.cfbundle; includeInIndex = 0; path = sdk_core_demoTests.xctest; sourceTree = BUILT_PRODUCTS_DIR; };
		426CA54919E65891009EDF19 /* Info.plist */ = {isa = PBXFileReference; lastKnownFileType = text.plist.xml; path = Info.plist; sourceTree = "<group>"; };
		426CA54A19E65891009EDF19 /* sdk_core_demoTests.m */ = {isa = PBXFileReference; lastKnownFileType = sourcecode.c.objc; path = sdk_core_demoTests.m; sourceTree = "<group>"; };
/* End PBXFileReference section */

/* Begin PBXFrameworksBuildPhase section */
		426CA53719E65891009EDF19 /* Frameworks */ = {
			isa = PBXFrameworksBuildPhase;
			buildActionMask = 2147483647;
			files = (
			);
			runOnlyForDeploymentPostprocessing = 0;
		};
		426CA54319E65891009EDF19 /* Frameworks */ = {
			isa = PBXFrameworksBuildPhase;
			buildActionMask = 2147483647;
			files = (
			);
			runOnlyForDeploymentPostprocessing = 0;
		};
/* End PBXFrameworksBuildPhase section */

/* Begin PBXGroup section */
		426CA53119E65891009EDF19 = {
			isa = PBXGroup;
			children = (
				426CA53D19E65891009EDF19 /* sdk_core_demo */,
				426CA54719E65891009EDF19 /* sdk_core_demoTests */,
				426CA53C19E65891009EDF19 /* Products */,
			);
			sourceTree = "<group>";
		};
		426CA53C19E65891009EDF19 /* Products */ = {
			isa = PBXGroup;
			children = (
				426CA53B19E65891009EDF19 /* sdk_core_demo.framework */,
				426CA54619E65891009EDF19 /* sdk_core_demoTests.xctest */,
			);
			name = Products;
			sourceTree = "<group>";
		};
		426CA53D19E65891009EDF19 /* sdk_core_demo */ = {
			isa = PBXGroup;
			children = (
				426CA54019E65891009EDF19 /* sdk_core_demo.h */,
				426CA53E19E65891009EDF19 /* Supporting Files */,
			);
			path = sdk_core_demo;
			sourceTree = "<group>";
		};
		426CA53E19E65891009EDF19 /* Supporting Files */ = {
			isa = PBXGroup;
			children = (
				426CA53F19E65891009EDF19 /* Info.plist */,
			);
			name = "Supporting Files";
			sourceTree = "<group>";
		};
		426CA54719E65891009EDF19 /* sdk_core_demoTests */ = {
			isa = PBXGroup;
			children = (
				426CA54A19E65891009EDF19 /* sdk_core_demoTests.m */,
				426CA54819E65891009EDF19 /* Supporting Files */,
			);
			path = sdk_core_demoTests;
			sourceTree = "<group>";
		};
		426CA54819E65891009EDF19 /* Supporting Files */ = {
			isa = PBXGroup;
			children = (
				426CA54919E65891009EDF19 /* Info.plist */,
			);
			name = "Supporting Files";
			sourceTree = "<group>";
		};
/* End PBXGroup section */

/* Begin PBXHeadersBuildPhase section */
		426CA53819E65891009EDF19 /* Headers */ = {
			isa = PBXHeadersBuildPhase;
			buildActionMask = 2147483647;
			files = (
				426CA54119E65891009EDF19 /* sdk_core_demo.h in Headers */,
			);
			runOnlyForDeploymentPostprocessing = 0;
		};
/* End PBXHeadersBuildPhase section */

/* Begin PBXNativeTarget section */
		426CA53A19E65891009EDF19 /* sdk_core_demo */ = {
			isa = PBXNativeTarget;
			buildConfigurationList = 426CA54E19E65891009EDF19 /* Build configuration list for PBXNativeTarget "sdk_core_demo" */;
			buildPhases = (
				426CA53619E65891009EDF19 /* Sources */,
				426CA53719E65891009EDF19 /* Frameworks */,
				426CA53819E65891009EDF19 /* Headers */,
				426CA53919E65891009EDF19 /* Resources */,
			);
			buildRules = (
			);
			dependencies = (
			);
			name = sdk_core_demo;
			productName = sdk_core_demo;
			productReference = 426CA53B19E65891009EDF19 /* sdk_core_demo.framework */;
			productType = "com.apple.product-type.framework";
		};
		426CA54519E65891009EDF19 /* sdk_core_demoTests */ = {
			isa = PBXNativeTarget;
			buildConfigurationList = 426CA55119E65891009EDF19 /* Build configuration list for PBXNativeTarget "sdk_core_demoTests" */;
			buildPhases = (
				426CA54219E65891009EDF19 /* Sources */,
				426CA54319E65891009EDF19 /* Frameworks */,
				426CA54419E65891009EDF19 /* Resources */,
			);
			buildRules = (
			);
			dependencies = (
			);
			name = sdk_core_demoTests;
			productName = sdk_core_demoTests;
			productReference = 426CA54619E65891009EDF19 /* sdk_core_demoTests.xctest */;
			productType = "com.apple.product-type.bundle.unit-test";
		};
/* End PBXNativeTarget section */

/* Begin PBXProject section */
		426CA53219E65891009EDF19 /* Project object */ = {
			isa = PBXProject;
			attributes = {
				LastUpgradeCheck = 0600;
				ORGANIZATIONNAME = PinguoSDK;
				TargetAttributes = {
					426CA53A19E65891009EDF19 = {
						CreatedOnToolsVersion = 6.0.1;
					};
					426CA54519E65891009EDF19 = {
						CreatedOnToolsVersion = 6.0.1;
					};
				};
			};
			buildConfigurationList = 426CA53519E65891009EDF19 /* Build configuration list for PBXProject "sdk_core_demo" */;
			compatibilityVersion = "Xcode 3.2";
			developmentRegion = English;
			hasScannedForEncodings = 0;
			knownRegions = (
				en,
			);
			mainGroup = 426CA53119E65891009EDF19;
			productRefGroup = 426CA53C19E65891009EDF19 /* Products */;
			projectDirPath = "";
			projectRoot = "";
			targets = (
				426CA53A19E65891009EDF19 /* sdk_core_demo */,
				426CA54519E65891009EDF19 /* sdk_core_demoTests */,
			);
		};
/* End PBXProject section */

/* Begin PBXResourcesBuildPhase section */
		426CA53919E65891009EDF19 /* Resources */ = {
			isa = PBXResourcesBuildPhase;
			buildActionMask = 2147483647;
			files = (
			);
			runOnlyForDeploymentPostprocessing = 0;
		};
		426CA54419E65891009EDF19 /* Resources */ = {
			isa = PBXResourcesBuildPhase;
			buildActionMask = 2147483647;
			files = (
			);
			runOnlyForDeploymentPostprocessing = 0;
		};
/* End PBXResourcesBuildPhase section */

/* Begin PBXSourcesBuildPhase section */
		426CA53619E65891009EDF19 /* Sources */ = {
			isa = PBXSourcesBuildPhase;
			buildActionMask = 2147483647;
			files = (
			);
			runOnlyForDeploymentPostprocessing = 0;
		};
		426CA54219E65891009EDF19 /* Sources */ = {
			isa = PBXSourcesBuildPhase;
			buildActionMask = 2147483647;
			files = (
				426CA54B19E65891009EDF19 /* sdk_core_demoTests.m in Sources */,
			);
			runOnlyForDeploymentPostprocessing = 0;
		};
/* End PBXSourcesBuildPhase section */

/* Begin XCBuildConfiguration section */
		426CA54C19E65891009EDF19 /* Debug */ = {
			isa = XCBuildConfiguration;
			buildSettings = {
				ALWAYS_SEARCH_USER_PATHS = NO;
				CLANG_CXX_LANGUAGE_STANDARD = "gnu++0x";
				CLANG_CXX_LIBRARY = "libc++";
				CLANG_ENABLE_MODULES = YES;
				CLANG_ENABLE_OBJC_ARC = YES;
				CLANG_WARN_BOOL_CONVERSION = YES;
				CLANG_WARN_CONSTANT_CONVERSION = YES;
				CLANG_WARN_DIRECT_OBJC_ISA_USAGE = YES_ERROR;
				CLANG_WARN_EMPTY_BODY = YES;
				CLANG_WARN_ENUM_CONVERSION = YES;
				CLANG_WARN_INT_CONVERSION = YES;
				CLANG_WARN_OBJC_ROOT_CLASS = YES_ERROR;
				CLANG_WARN_UNREACHABLE_CODE = YES;
				CLANG_WARN__DUPLICATE_METHOD_MATCH = YES;
				"CODE_SIGN_IDENTITY[sdk=iphoneos*]" = "iPhone Developer";
				COPY_PHASE_STRIP = NO;
				CURRENT_PROJECT_VERSION = 1;
				ENABLE_STRICT_OBJC_MSGSEND = YES;
				GCC_C_LANGUAGE_STANDARD = gnu99;
				GCC_DYNAMIC_NO_PIC = NO;
				GCC_OPTIMIZATION_LEVEL = 0;
				GCC_PREPROCESSOR_DEFINITIONS = (
					"DEBUG=1",
					"$(inherited)",
				);
				GCC_SYMBOLS_PRIVATE_EXTERN = NO;
				GCC_WARN_64_TO_32_BIT_CONVERSION = YES;
				GCC_WARN_ABOUT_RETURN_TYPE = YES_ERROR;
				GCC_WARN_UNDECLARED_SELECTOR = YES;
				GCC_WARN_UNINITIALIZED_AUTOS = YES_AGGRESSIVE;
				GCC_WARN_UNUSED_FUNCTION = YES;
				GCC_WARN_UNUSED_VARIABLE = YES;
				IPHONEOS_DEPLOYMENT_TARGET = 8.0;
				MTL_ENABLE_DEBUG_INFO = YES;
				ONLY_ACTIVE_ARCH = YES;
				SDKROOT = iphoneos;
				TARGETED_DEVICE_FAMILY = "1,2";
				VERSIONING_SYSTEM = "apple-generic";
				VERSION_INFO_PREFIX = "";
			};
			name = Debug;
		};
		426CA54D19E65891009EDF19 /* Release */ = {
			isa = XCBuildConfiguration;
			buildSettings = {
				ALWAYS_SEARCH_USER_PATHS = NO;
				CLANG_CXX_LANGUAGE_STANDARD = "gnu++0x";
				CLANG_CXX_LIBRARY = "libc++";
				CLANG_ENABLE_MODULES = YES;
				CLANG_ENABLE_OBJC_ARC = YES;
				CLANG_WARN_BOOL_CONVERSION = YES;
				CLANG_WARN_CONSTANT_CONVERSION = YES;
				CLANG_WARN_DIRECT_OBJC_ISA_USAGE = YES_ERROR;
				CLANG_WARN_EMPTY_BODY = YES;
				CLANG_WARN_ENUM_CONVERSION = YES;
				CLANG_WARN_INT_CONVERSION = YES;
				CLANG_WARN_OBJC_ROOT_CLASS = YES_ERROR;
				CLANG_WARN_UNREACHABLE_CODE = YES;
				CLANG_WARN__DUPLICATE_METHOD_MATCH = YES;
				"CODE_SIGN_IDENTITY[sdk=iphoneos*]" = "iPhone Developer";
				COPY_PHASE_STRIP = YES;
				CURRENT_PROJECT_VERSION = 1;
				ENABLE_NS_ASSERTIONS = NO;
				ENABLE_STRICT_OBJC_MSGSEND = YES;
				GCC_C_LANGUAGE_STANDARD = gnu99;
				GCC_WARN_64_TO_32_BIT_CONVERSION = YES;
				GCC_WARN_ABOUT_RETURN_TYPE = YES_ERROR;
				GCC_WARN_UNDECLARED_SELECTOR = YES;
				GCC_WARN_UNINITIALIZED_AUTOS = YES_AGGRESSIVE;
				GCC_WARN_UNUSED_FUNCTION = YES;
				GCC_WARN_UNUSED_VARIABLE = YES;
				IPHONEOS_DEPLOYMENT_TARGET = 8.0;
				MTL_ENABLE_DEBUG_INFO = NO;
				SDKROOT = iphoneos;
				TARGETED_DEVICE_FAMILY = "1,2";
				VALIDATE_PRODUCT = YES;
				VERSIONING_SYSTEM = "apple-generic";
				VERSION_INFO_PREFIX = "";
			};
			name = Release;
		};
		426CA54F19E65891009EDF19 /* Debug */ = {
			isa = XCBuildConfiguration;
			buildSettings = {
				DEFINES_MODULE = YES;
				DYLIB_COMPATIBILITY_VERSION = 1;
				DYLIB_CURRENT_VERSION = 1;
				DYLIB_INSTALL_NAME_BASE = "@rpath";
				INFOPLIST_FILE = sdk_core_demo/Info.plist;
				INSTALL_PATH = "$(LOCAL_LIBRARY_DIR)/Frameworks";
				LD_RUNPATH_SEARCH_PATHS = "$(inherited) @executable_path/Frameworks @loader_path/Frameworks";
				PRODUCT_NAME = "$(TARGET_NAME)";
				SKIP_INSTALL = YES;
			};
			name = Debug;
		};
		426CA55019E65891009EDF19 /* Release */ = {
			isa = XCBuildConfiguration;
			buildSettings = {
				DEFINES_MODULE = YES;
				DYLIB_COMPATIBILITY_VERSION = 1;
				DYLIB_CURRENT_VERSION = 1;
				DYLIB_INSTALL_NAME_BASE = "@rpath";
				INFOPLIST_FILE = sdk_core_demo/Info.plist;
				INSTALL_PATH = "$(LOCAL_LIBRARY_DIR)/Frameworks";
				LD_RUNPATH_SEARCH_PATHS = "$(inherited) @executable_path/Frameworks @loader_path/Frameworks";
				PRODUCT_NAME = "$(TARGET_NAME)";
				SKIP_INSTALL = YES;
			};
			name = Release;
		};
		426CA55219E65891009EDF19 /* Debug */ = {
			isa = XCBuildConfiguration;
			buildSettings = {
				FRAMEWORK_SEARCH_PATHS = (
					"$(SDKROOT)/Developer/Library/Frameworks",
					"$(inherited)",
				);
				GCC_PREPROCESSOR_DEFINITIONS = (
					"DEBUG=1",
					"$(inherited)",
				);
				INFOPLIST_FILE = sdk_core_demoTests/Info.plist;
				LD_RUNPATH_SEARCH_PATHS = "$(inherited) @executable_path/Frameworks @loader_path/Frameworks";
				PRODUCT_NAME = "$(TARGET_NAME)";
			};
			name = Debug;
		};
		426CA55319E65891009EDF19 /* Release */ = {
			isa = XCBuildConfiguration;
			buildSettings = {
				FRAMEWORK_SEARCH_PATHS = (
					"$(SDKROOT)/Developer/Library/Frameworks",
					"$(inherited)",
				);
				INFOPLIST_FILE = sdk_core_demoTests/Info.plist;
				LD_RUNPATH_SEARCH_PATHS = "$(inherited) @executable_path/Frameworks @loader_path/Frameworks";
				PRODUCT_NAME = "$(TARGET_NAME)";
			};
			name = Release;
		};
/* End XCBuildConfiguration section */

/* Begin XCConfigurationList section */
		426CA53519E65891009EDF19 /* Build configuration list for PBXProject "sdk_core_demo" */ = {
			isa = XCConfigurationList;
			buildConfigurations = (
				426CA54C19E65891009EDF19 /* Debug */,
				426CA54D19E65891009EDF19 /* Release */,
			);
			defaultConfigurationIsVisible = 0;
			defaultConfigurationName = Release;
		};
		426CA54E19E65891009EDF19 /* Build configuration list for PBXNativeTarget "sdk_core_demo" */ = {
			isa = XCConfigurationList;
			buildConfigurations = (
				426CA54F19E65891009EDF19 /* Debug */,
				426CA55019E65891009EDF19 /* Release */,
			);
			defaultConfigurationIsVisible = 0;
		};
		426CA55119E65891009EDF19 /* Build configuration list for PBXNativeTarget "sdk_core_demoTests" */ = {
			isa = XCConfigurationList;
			buildConfigurations = (
				426CA55219E65891009EDF19 /* Debug */,
				426CA55319E65891009EDF19 /* Release */,
			);
			defaultConfigurationIsVisible = 0;
		};
/* End XCConfigurationList section */
	};
	rootObject = 426CA53219E65891009EDF19 /* Project object */;
}
