// !$*UTF8*$!
{
	archiveVersion = 1;
	classes = {
	};
	objectVersion = 46;
	objects = {

/* Begin PBXBuildFile section */
		426677631ADCDA3600F1289A /* main.m in Sources */ = {isa = PBXBuildFile; fileRef = 426677621ADCDA3600F1289A /* main.m */; };
		426677661ADCDA3600F1289A /* AppDelegate.m in Sources */ = {isa = PBXBuildFile; fileRef = 426677651ADCDA3600F1289A /* AppDelegate.m */; };
		4266776C1ADCDA3600F1289A /* Main.storyboard in Resources */ = {isa = PBXBuildFile; fileRef = 4266776A1ADCDA3600F1289A /* Main.storyboard */; };
		4266776E1ADCDA3600F1289A /* Images.xcassets in Resources */ = {isa = PBXBuildFile; fileRef = 4266776D1ADCDA3600F1289A /* Images.xcassets */; };
		426677711ADCDA3600F1289A /* LaunchScreen.xib in Resources */ = {isa = PBXBuildFile; fileRef = 4266776F1ADCDA3600F1289A /* LaunchScreen.xib */; };
		4266777D1ADCDA3600F1289A /* CCubeTests.m in Sources */ = {isa = PBXBuildFile; fileRef = 4266777C1ADCDA3600F1289A /* CCubeTests.m */; };
		426677901ADCDCF700F1289A /* CCMainViewController.m in Sources */ = {isa = PBXBuildFile; fileRef = 4266778B1ADCDCF700F1289A /* CCMainViewController.m */; };
		426677911ADCDCF700F1289A /* CCMainTableView.m in Sources */ = {isa = PBXBuildFile; fileRef = 4266778F1ADCDCF700F1289A /* CCMainTableView.m */; };
		426677941ADCDEAF00F1289A /* CCEntity.m in Sources */ = {isa = PBXBuildFile; fileRef = 426677931ADCDEAF00F1289A /* CCEntity.m */; };
		426677971ADCE02400F1289A /* CCMainEntity.m in Sources */ = {isa = PBXBuildFile; fileRef = 426677961ADCE02400F1289A /* CCMainEntity.m */; };
		4266779A1ADCE0D800F1289A /* CCDrawViewController.m in Sources */ = {isa = PBXBuildFile; fileRef = 426677991ADCE0D800F1289A /* CCDrawViewController.m */; };
		AB4AC445E086F056A9918245 /* libPods-CCube.a in Frameworks */ = {isa = PBXBuildFile; fileRef = B05164F13CB656AF9FF3ECF3 /* libPods-CCube.a */; };
/* End PBXBuildFile section */

/* Begin PBXContainerItemProxy section */
		426677771ADCDA3600F1289A /* PBXContainerItemProxy */ = {
			isa = PBXContainerItemProxy;
			containerPortal = 426677551ADCDA3600F1289A /* Project object */;
			proxyType = 1;
			remoteGlobalIDString = 4266775C1ADCDA3600F1289A;
			remoteInfo = CCube;
		};
/* End PBXContainerItemProxy section */

/* Begin PBXFileReference section */
		0BF3117DE2EB51B1ACD6694D /* Pods-CCube.debug.xcconfig */ = {isa = PBXFileReference; includeInIndex = 1; lastKnownFileType = text.xcconfig; name = "Pods-CCube.debug.xcconfig"; path = "Pods/Target Support Files/Pods-CCube/Pods-CCube.debug.xcconfig"; sourceTree = "<group>"; };
		425A23F31B5A1E7C006F0896 /* AVFoundation.framework */ = {isa = PBXFileReference; lastKnownFileType = wrapper.framework; name = AVFoundation.framework; path = System/Library/Frameworks/AVFoundation.framework; sourceTree = SDKROOT; };
		425A23F51B5A1EAB006F0896 /* Accelerate.framework */ = {isa = PBXFileReference; lastKnownFileType = wrapper.framework; name = Accelerate.framework; path = System/Library/Frameworks/Accelerate.framework; sourceTree = SDKROOT; };
		4266775D1ADCDA3600F1289A /* CCube.app */ = {isa = PBXFileReference; explicitFileType = wrapper.application; includeInIndex = 0; path = CCube.app; sourceTree = BUILT_PRODUCTS_DIR; };
		426677611ADCDA3600F1289A /* Info.plist */ = {isa = PBXFileReference; lastKnownFileType = text.plist.xml; path = Info.plist; sourceTree = "<group>"; };
		426677621ADCDA3600F1289A /* main.m */ = {isa = PBXFileReference; lastKnownFileType = sourcecode.c.objc; path = main.m; sourceTree = "<group>"; };
		426677641ADCDA3600F1289A /* AppDelegate.h */ = {isa = PBXFileReference; lastKnownFileType = sourcecode.c.h; path = AppDelegate.h; sourceTree = "<group>"; };
		426677651ADCDA3600F1289A /* AppDelegate.m */ = {isa = PBXFileReference; lastKnownFileType = sourcecode.c.objc; path = AppDelegate.m; sourceTree = "<group>"; };
		4266776B1ADCDA3600F1289A /* Base */ = {isa = PBXFileReference; lastKnownFileType = file.storyboard; name = Base; path = Base.lproj/Main.storyboard; sourceTree = "<group>"; };
		4266776D1ADCDA3600F1289A /* Images.xcassets */ = {isa = PBXFileReference; lastKnownFileType = folder.assetcatalog; path = Images.xcassets; sourceTree = "<group>"; };
		426677701ADCDA3600F1289A /* Base */ = {isa = PBXFileReference; lastKnownFileType = file.xib; name = Base; path = Base.lproj/LaunchScreen.xib; sourceTree = "<group>"; };
		426677761ADCDA3600F1289A /* CCubeTests.xctest */ = {isa = PBXFileReference; explicitFileType = wrapper.cfbundle; includeInIndex = 0; path = CCubeTests.xctest; sourceTree = BUILT_PRODUCTS_DIR; };
		4266777B1ADCDA3600F1289A /* Info.plist */ = {isa = PBXFileReference; lastKnownFileType = text.plist.xml; path = Info.plist; sourceTree = "<group>"; };
		4266777C1ADCDA3600F1289A /* CCubeTests.m */ = {isa = PBXFileReference; lastKnownFileType = sourcecode.c.objc; path = CCubeTests.m; sourceTree = "<group>"; };
		4266778A1ADCDCF700F1289A /* CCMainViewController.h */ = {isa = PBXFileReference; fileEncoding = 4; lastKnownFileType = sourcecode.c.h; path = CCMainViewController.h; sourceTree = "<group>"; };
		4266778B1ADCDCF700F1289A /* CCMainViewController.m */ = {isa = PBXFileReference; fileEncoding = 4; lastKnownFileType = sourcecode.c.objc; path = CCMainViewController.m; sourceTree = "<group>"; };
		4266778E1ADCDCF700F1289A /* CCMainTableView.h */ = {isa = PBXFileReference; fileEncoding = 4; lastKnownFileType = sourcecode.c.h; path = CCMainTableView.h; sourceTree = "<group>"; };
		4266778F1ADCDCF700F1289A /* CCMainTableView.m */ = {isa = PBXFileReference; fileEncoding = 4; lastKnownFileType = sourcecode.c.objc; path = CCMainTableView.m; sourceTree = "<group>"; };
		426677921ADCDEAF00F1289A /* CCEntity.h */ = {isa = PBXFileReference; fileEncoding = 4; lastKnownFileType = sourcecode.c.h; path = CCEntity.h; sourceTree = "<group>"; };
		426677931ADCDEAF00F1289A /* CCEntity.m */ = {isa = PBXFileReference; fileEncoding = 4; lastKnownFileType = sourcecode.c.objc; path = CCEntity.m; sourceTree = "<group>"; };
		426677951ADCE02400F1289A /* CCMainEntity.h */ = {isa = PBXFileReference; fileEncoding = 4; lastKnownFileType = sourcecode.c.h; path = CCMainEntity.h; sourceTree = "<group>"; };
		426677961ADCE02400F1289A /* CCMainEntity.m */ = {isa = PBXFileReference; fileEncoding = 4; lastKnownFileType = sourcecode.c.objc; path = CCMainEntity.m; sourceTree = "<group>"; };
		426677981ADCE0D800F1289A /* CCDrawViewController.h */ = {isa = PBXFileReference; fileEncoding = 4; lastKnownFileType = sourcecode.c.h; path = CCDrawViewController.h; sourceTree = "<group>"; };
		426677991ADCE0D800F1289A /* CCDrawViewController.m */ = {isa = PBXFileReference; fileEncoding = 4; lastKnownFileType = sourcecode.c.objc; path = CCDrawViewController.m; sourceTree = "<group>"; };
		5D1E40D0E1C348A6CC9FA055 /* Pods-CCube.release.xcconfig */ = {isa = PBXFileReference; includeInIndex = 1; lastKnownFileType = text.xcconfig; name = "Pods-CCube.release.xcconfig"; path = "Pods/Target Support Files/Pods-CCube/Pods-CCube.release.xcconfig"; sourceTree = "<group>"; };
		B05164F13CB656AF9FF3ECF3 /* libPods-CCube.a */ = {isa = PBXFileReference; explicitFileType = archive.ar; includeInIndex = 0; path = "libPods-CCube.a"; sourceTree = BUILT_PRODUCTS_DIR; };
/* End PBXFileReference section */

/* Begin PBXFrameworksBuildPhase section */
		4266775A1ADCDA3600F1289A /* Frameworks */ = {
			isa = PBXFrameworksBuildPhase;
			buildActionMask = 2147483647;
			files = (
				AB4AC445E086F056A9918245 /* libPods-CCube.a in Frameworks */,
			);
			runOnlyForDeploymentPostprocessing = 0;
		};
		426677731ADCDA3600F1289A /* Frameworks */ = {
			isa = PBXFrameworksBuildPhase;
			buildActionMask = 2147483647;
			files = (
			);
			runOnlyForDeploymentPostprocessing = 0;
		};
/* End PBXFrameworksBuildPhase section */

/* Begin PBXGroup section */
		305E47FC75535E4EC50E9A40 /* Frameworks */ = {
			isa = PBXGroup;
			children = (
				425A23F51B5A1EAB006F0896 /* Accelerate.framework */,
				425A23F31B5A1E7C006F0896 /* AVFoundation.framework */,
				B05164F13CB656AF9FF3ECF3 /* libPods-CCube.a */,
			);
			name = Frameworks;
			sourceTree = "<group>";
		};
		426677541ADCDA3600F1289A = {
			isa = PBXGroup;
			children = (
				4266775F1ADCDA3600F1289A /* CCube */,
				426677791ADCDA3600F1289A /* CCubeTests */,
				4266775E1ADCDA3600F1289A /* Products */,
				DA298C1E9300F0B1F74DF2A9 /* Pods */,
				305E47FC75535E4EC50E9A40 /* Frameworks */,
			);
			sourceTree = "<group>";
		};
		4266775E1ADCDA3600F1289A /* Products */ = {
			isa = PBXGroup;
			children = (
				4266775D1ADCDA3600F1289A /* CCube.app */,
				426677761ADCDA3600F1289A /* CCubeTests.xctest */,
			);
			name = Products;
			sourceTree = "<group>";
		};
		4266775F1ADCDA3600F1289A /* CCube */ = {
			isa = PBXGroup;
			children = (
				426677641ADCDA3600F1289A /* AppDelegate.h */,
				426677651ADCDA3600F1289A /* AppDelegate.m */,
				4266776A1ADCDA3600F1289A /* Main.storyboard */,
				4266776D1ADCDA3600F1289A /* Images.xcassets */,
				4266776F1ADCDA3600F1289A /* LaunchScreen.xib */,
				426677881ADCDCF700F1289A /* Classes */,
				426677601ADCDA3600F1289A /* Supporting Files */,
			);
			path = CCube;
			sourceTree = "<group>";
		};
		426677601ADCDA3600F1289A /* Supporting Files */ = {
			isa = PBXGroup;
			children = (
				426677611ADCDA3600F1289A /* Info.plist */,
				426677621ADCDA3600F1289A /* main.m */,
			);
			name = "Supporting Files";
			sourceTree = "<group>";
		};
		426677791ADCDA3600F1289A /* CCubeTests */ = {
			isa = PBXGroup;
			children = (
				4266777C1ADCDA3600F1289A /* CCubeTests.m */,
				4266777A1ADCDA3600F1289A /* Supporting Files */,
			);
			path = CCubeTests;
			sourceTree = "<group>";
		};
		4266777A1ADCDA3600F1289A /* Supporting Files */ = {
			isa = PBXGroup;
			children = (
				4266777B1ADCDA3600F1289A /* Info.plist */,
			);
			name = "Supporting Files";
			sourceTree = "<group>";
		};
		426677881ADCDCF700F1289A /* Classes */ = {
			isa = PBXGroup;
			children = (
				426677891ADCDCF700F1289A /* Controllers */,
				4266778C1ADCDCF700F1289A /* Entities */,
				4266778D1ADCDCF700F1289A /* Views */,
			);
			path = Classes;
			sourceTree = "<group>";
		};
		426677891ADCDCF700F1289A /* Controllers */ = {
			isa = PBXGroup;
			children = (
				4266778A1ADCDCF700F1289A /* CCMainViewController.h */,
				4266778B1ADCDCF700F1289A /* CCMainViewController.m */,
				426677981ADCE0D800F1289A /* CCDrawViewController.h */,
				426677991ADCE0D800F1289A /* CCDrawViewController.m */,
			);
			path = Controllers;
			sourceTree = "<group>";
		};
		4266778C1ADCDCF700F1289A /* Entities */ = {
			isa = PBXGroup;
			children = (
				426677921ADCDEAF00F1289A /* CCEntity.h */,
				426677931ADCDEAF00F1289A /* CCEntity.m */,
				426677951ADCE02400F1289A /* CCMainEntity.h */,
				426677961ADCE02400F1289A /* CCMainEntity.m */,
			);
			path = Entities;
			sourceTree = "<group>";
		};
		4266778D1ADCDCF700F1289A /* Views */ = {
			isa = PBXGroup;
			children = (
				4266778E1ADCDCF700F1289A /* CCMainTableView.h */,
				4266778F1ADCDCF700F1289A /* CCMainTableView.m */,
			);
			path = Views;
			sourceTree = "<group>";
		};
		DA298C1E9300F0B1F74DF2A9 /* Pods */ = {
			isa = PBXGroup;
			children = (
				0BF3117DE2EB51B1ACD6694D /* Pods-CCube.debug.xcconfig */,
				5D1E40D0E1C348A6CC9FA055 /* Pods-CCube.release.xcconfig */,
			);
			name = Pods;
			sourceTree = "<group>";
		};
/* End PBXGroup section */

/* Begin PBXNativeTarget section */
		4266775C1ADCDA3600F1289A /* CCube */ = {
			isa = PBXNativeTarget;
			buildConfigurationList = 426677801ADCDA3600F1289A /* Build configuration list for PBXNativeTarget "CCube" */;
			buildPhases = (
				2D8BAB4F454CC6E1857332E5 /* Check Pods Manifest.lock */,
				426677591ADCDA3600F1289A /* Sources */,
				4266775A1ADCDA3600F1289A /* Frameworks */,
				4266775B1ADCDA3600F1289A /* Resources */,
				192549F8AFAD0748922D029E /* Copy Pods Resources */,
			);
			buildRules = (
			);
			dependencies = (
			);
			name = CCube;
			productName = CCube;
			productReference = 4266775D1ADCDA3600F1289A /* CCube.app */;
			productType = "com.apple.product-type.application";
		};
		426677751ADCDA3600F1289A /* CCubeTests */ = {
			isa = PBXNativeTarget;
			buildConfigurationList = 426677831ADCDA3600F1289A /* Build configuration list for PBXNativeTarget "CCubeTests" */;
			buildPhases = (
				426677721ADCDA3600F1289A /* Sources */,
				426677731ADCDA3600F1289A /* Frameworks */,
				426677741ADCDA3600F1289A /* Resources */,
			);
			buildRules = (
			);
			dependencies = (
				426677781ADCDA3600F1289A /* PBXTargetDependency */,
			);
			name = CCubeTests;
			productName = CCubeTests;
			productReference = 426677761ADCDA3600F1289A /* CCubeTests.xctest */;
			productType = "com.apple.product-type.bundle.unit-test";
		};
/* End PBXNativeTarget section */

/* Begin PBXProject section */
		426677551ADCDA3600F1289A /* Project object */ = {
			isa = PBXProject;
			attributes = {
				LastUpgradeCheck = 0630;
				ORGANIZATIONNAME = PinguoSDK;
				TargetAttributes = {
					4266775C1ADCDA3600F1289A = {
						CreatedOnToolsVersion = 6.3;
					};
					426677751ADCDA3600F1289A = {
						CreatedOnToolsVersion = 6.3;
						TestTargetID = 4266775C1ADCDA3600F1289A;
					};
				};
			};
			buildConfigurationList = 426677581ADCDA3600F1289A /* Build configuration list for PBXProject "CCube" */;
			compatibilityVersion = "Xcode 3.2";
			developmentRegion = English;
			hasScannedForEncodings = 0;
			knownRegions = (
				en,
				Base,
			);
			mainGroup = 426677541ADCDA3600F1289A;
			productRefGroup = 4266775E1ADCDA3600F1289A /* Products */;
			projectDirPath = "";
			projectRoot = "";
			targets = (
				4266775C1ADCDA3600F1289A /* CCube */,
				426677751ADCDA3600F1289A /* CCubeTests */,
			);
		};
/* End PBXProject section */

/* Begin PBXResourcesBuildPhase section */
		4266775B1ADCDA3600F1289A /* Resources */ = {
			isa = PBXResourcesBuildPhase;
			buildActionMask = 2147483647;
			files = (
				4266776C1ADCDA3600F1289A /* Main.storyboard in Resources */,
				426677711ADCDA3600F1289A /* LaunchScreen.xib in Resources */,
				4266776E1ADCDA3600F1289A /* Images.xcassets in Resources */,
			);
			runOnlyForDeploymentPostprocessing = 0;
		};
		426677741ADCDA3600F1289A /* Resources */ = {
			isa = PBXResourcesBuildPhase;
			buildActionMask = 2147483647;
			files = (
			);
			runOnlyForDeploymentPostprocessing = 0;
		};
/* End PBXResourcesBuildPhase section */

/* Begin PBXShellScriptBuildPhase section */
		192549F8AFAD0748922D029E /* Copy Pods Resources */ = {
			isa = PBXShellScriptBuildPhase;
			buildActionMask = 2147483647;
			files = (
			);
			inputPaths = (
			);
			name = "Copy Pods Resources";
			outputPaths = (
			);
			runOnlyForDeploymentPostprocessing = 0;
			shellPath = /bin/sh;
			shellScript = "\"${SRCROOT}/Pods/Target Support Files/Pods-CCube/Pods-CCube-resources.sh\"\n";
			showEnvVarsInLog = 0;
		};
		2D8BAB4F454CC6E1857332E5 /* Check Pods Manifest.lock */ = {
			isa = PBXShellScriptBuildPhase;
			buildActionMask = 2147483647;
			files = (
			);
			inputPaths = (
			);
			name = "Check Pods Manifest.lock";
			outputPaths = (
			);
			runOnlyForDeploymentPostprocessing = 0;
			shellPath = /bin/sh;
			shellScript = "diff \"${PODS_ROOT}/../Podfile.lock\" \"${PODS_ROOT}/Manifest.lock\" > /dev/null\nif [[ $? != 0 ]] ; then\n    cat << EOM\nerror: The sandbox is not in sync with the Podfile.lock. Run 'pod install' or update your CocoaPods installation.\nEOM\n    exit 1\nfi\n";
			showEnvVarsInLog = 0;
		};
/* End PBXShellScriptBuildPhase section */

/* Begin PBXSourcesBuildPhase section */
		426677591ADCDA3600F1289A /* Sources */ = {
			isa = PBXSourcesBuildPhase;
			buildActionMask = 2147483647;
			files = (
				426677941ADCDEAF00F1289A /* CCEntity.m in Sources */,
				426677971ADCE02400F1289A /* CCMainEntity.m in Sources */,
				426677901ADCDCF700F1289A /* CCMainViewController.m in Sources */,
				426677911ADCDCF700F1289A /* CCMainTableView.m in Sources */,
				426677661ADCDA3600F1289A /* AppDelegate.m in Sources */,
				426677631ADCDA3600F1289A /* main.m in Sources */,
				4266779A1ADCE0D800F1289A /* CCDrawViewController.m in Sources */,
			);
			runOnlyForDeploymentPostprocessing = 0;
		};
		426677721ADCDA3600F1289A /* Sources */ = {
			isa = PBXSourcesBuildPhase;
			buildActionMask = 2147483647;
			files = (
				4266777D1ADCDA3600F1289A /* CCubeTests.m in Sources */,
			);
			runOnlyForDeploymentPostprocessing = 0;
		};
/* End PBXSourcesBuildPhase section */

/* Begin PBXTargetDependency section */
		426677781ADCDA3600F1289A /* PBXTargetDependency */ = {
			isa = PBXTargetDependency;
			target = 4266775C1ADCDA3600F1289A /* CCube */;
			targetProxy = 426677771ADCDA3600F1289A /* PBXContainerItemProxy */;
		};
/* End PBXTargetDependency section */

/* Begin PBXVariantGroup section */
		4266776A1ADCDA3600F1289A /* Main.storyboard */ = {
			isa = PBXVariantGroup;
			children = (
				4266776B1ADCDA3600F1289A /* Base */,
			);
			name = Main.storyboard;
			sourceTree = "<group>";
		};
		4266776F1ADCDA3600F1289A /* LaunchScreen.xib */ = {
			isa = PBXVariantGroup;
			children = (
				426677701ADCDA3600F1289A /* Base */,
			);
			name = LaunchScreen.xib;
			sourceTree = "<group>";
		};
/* End PBXVariantGroup section */

/* Begin XCBuildConfiguration section */
		4266777E1ADCDA3600F1289A /* Debug */ = {
			isa = XCBuildConfiguration;
			buildSettings = {
				ALWAYS_SEARCH_USER_PATHS = NO;
				CLANG_CXX_LANGUAGE_STANDARD = "gnu++0x";
				CLANG_CXX_LIBRARY = "libc++";
				CLANG_ENABLE_MODULES = YES;
				CLANG_ENABLE_OBJC_ARC = YES;
				CLANG_WARN_BOOL_CONVERSION = YES;
				CLANG_WARN_CONSTANT_CONVERSION = YES;
				CLANG_WARN_DIRECT_OBJC_ISA_USAGE = YES_ERROR;
				CLANG_WARN_EMPTY_BODY = YES;
				CLANG_WARN_ENUM_CONVERSION = YES;
				CLANG_WARN_INT_CONVERSION = YES;
				CLANG_WARN_OBJC_ROOT_CLASS = YES_ERROR;
				CLANG_WARN_UNREACHABLE_CODE = YES;
				CLANG_WARN__DUPLICATE_METHOD_MATCH = YES;
				"CODE_SIGN_IDENTITY[sdk=iphoneos*]" = "iPhone Developer";
				COPY_PHASE_STRIP = NO;
				DEBUG_INFORMATION_FORMAT = "dwarf-with-dsym";
				ENABLE_STRICT_OBJC_MSGSEND = YES;
				GCC_C_LANGUAGE_STANDARD = gnu99;
				GCC_DYNAMIC_NO_PIC = NO;
				GCC_NO_COMMON_BLOCKS = YES;
				GCC_OPTIMIZATION_LEVEL = 0;
				GCC_PREPROCESSOR_DEFINITIONS = (
					"DEBUG=1",
					"$(inherited)",
				);
				GCC_SYMBOLS_PRIVATE_EXTERN = NO;
				GCC_WARN_64_TO_32_BIT_CONVERSION = YES;
				GCC_WARN_ABOUT_RETURN_TYPE = YES_ERROR;
				GCC_WARN_UNDECLARED_SELECTOR = YES;
				GCC_WARN_UNINITIALIZED_AUTOS = YES_AGGRESSIVE;
				GCC_WARN_UNUSED_FUNCTION = YES;
				GCC_WARN_UNUSED_VARIABLE = YES;
				IPHONEOS_DEPLOYMENT_TARGET = 8.3;
				MTL_ENABLE_DEBUG_INFO = YES;
				ONLY_ACTIVE_ARCH = YES;
				SDKROOT = iphoneos;
				TARGETED_DEVICE_FAMILY = "1,2";
			};
			name = Debug;
		};
		4266777F1ADCDA3600F1289A /* Release */ = {
			isa = XCBuildConfiguration;
			buildSettings = {
				ALWAYS_SEARCH_USER_PATHS = NO;
				CLANG_CXX_LANGUAGE_STANDARD = "gnu++0x";
				CLANG_CXX_LIBRARY = "libc++";
				CLANG_ENABLE_MODULES = YES;
				CLANG_ENABLE_OBJC_ARC = YES;
				CLANG_WARN_BOOL_CONVERSION = YES;
				CLANG_WARN_CONSTANT_CONVERSION = YES;
				CLANG_WARN_DIRECT_OBJC_ISA_USAGE = YES_ERROR;
				CLANG_WARN_EMPTY_BODY = YES;
				CLANG_WARN_ENUM_CONVERSION = YES;
				CLANG_WARN_INT_CONVERSION = YES;
				CLANG_WARN_OBJC_ROOT_CLASS = YES_ERROR;
				CLANG_WARN_UNREACHABLE_CODE = YES;
				CLANG_WARN__DUPLICATE_METHOD_MATCH = YES;
				"CODE_SIGN_IDENTITY[sdk=iphoneos*]" = "iPhone Developer";
				COPY_PHASE_STRIP = NO;
				DEBUG_INFORMATION_FORMAT = "dwarf-with-dsym";
				ENABLE_NS_ASSERTIONS = NO;
				ENABLE_STRICT_OBJC_MSGSEND = YES;
				GCC_C_LANGUAGE_STANDARD = gnu99;
				GCC_NO_COMMON_BLOCKS = YES;
				GCC_WARN_64_TO_32_BIT_CONVERSION = YES;
				GCC_WARN_ABOUT_RETURN_TYPE = YES_ERROR;
				GCC_WARN_UNDECLARED_SELECTOR = YES;
				GCC_WARN_UNINITIALIZED_AUTOS = YES_AGGRESSIVE;
				GCC_WARN_UNUSED_FUNCTION = YES;
				GCC_WARN_UNUSED_VARIABLE = YES;
				IPHONEOS_DEPLOYMENT_TARGET = 8.3;
				MTL_ENABLE_DEBUG_INFO = NO;
				SDKROOT = iphoneos;
				TARGETED_DEVICE_FAMILY = "1,2";
				VALIDATE_PRODUCT = YES;
			};
			name = Release;
		};
		426677811ADCDA3600F1289A /* Debug */ = {
			isa = XCBuildConfiguration;
			baseConfigurationReference = 0BF3117DE2EB51B1ACD6694D /* Pods-CCube.debug.xcconfig */;
			buildSettings = {
				ASSETCATALOG_COMPILER_APPICON_NAME = AppIcon;
				INFOPLIST_FILE = CCube/Info.plist;
				IPHONEOS_DEPLOYMENT_TARGET = 8.0;
				LD_RUNPATH_SEARCH_PATHS = "$(inherited) @executable_path/Frameworks";
				PRODUCT_NAME = "$(TARGET_NAME)";
			};
			name = Debug;
		};
		426677821ADCDA3600F1289A /* Release */ = {
			isa = XCBuildConfiguration;
			baseConfigurationReference = 5D1E40D0E1C348A6CC9FA055 /* Pods-CCube.release.xcconfig */;
			buildSettings = {
				ASSETCATALOG_COMPILER_APPICON_NAME = AppIcon;
				INFOPLIST_FILE = CCube/Info.plist;
				IPHONEOS_DEPLOYMENT_TARGET = 8.0;
				LD_RUNPATH_SEARCH_PATHS = "$(inherited) @executable_path/Frameworks";
				PRODUCT_NAME = "$(TARGET_NAME)";
			};
			name = Release;
		};
		426677841ADCDA3600F1289A /* Debug */ = {
			isa = XCBuildConfiguration;
			buildSettings = {
				BUNDLE_LOADER = "$(TEST_HOST)";
				FRAMEWORK_SEARCH_PATHS = (
					"$(SDKROOT)/Developer/Library/Frameworks",
					"$(inherited)",
				);
				GCC_PREPROCESSOR_DEFINITIONS = (
					"DEBUG=1",
					"$(inherited)",
				);
				INFOPLIST_FILE = CCubeTests/Info.plist;
				LD_RUNPATH_SEARCH_PATHS = "$(inherited) @executable_path/Frameworks @loader_path/Frameworks";
				PRODUCT_NAME = "$(TARGET_NAME)";
				TEST_HOST = "$(BUILT_PRODUCTS_DIR)/CCube.app/CCube";
			};
			name = Debug;
		};
		426677851ADCDA3600F1289A /* Release */ = {
			isa = XCBuildConfiguration;
			buildSettings = {
				BUNDLE_LOADER = "$(TEST_HOST)";
				FRAMEWORK_SEARCH_PATHS = (
					"$(SDKROOT)/Developer/Library/Frameworks",
					"$(inherited)",
				);
				INFOPLIST_FILE = CCubeTests/Info.plist;
				LD_RUNPATH_SEARCH_PATHS = "$(inherited) @executable_path/Frameworks @loader_path/Frameworks";
				PRODUCT_NAME = "$(TARGET_NAME)";
				TEST_HOST = "$(BUILT_PRODUCTS_DIR)/CCube.app/CCube";
			};
			name = Release;
		};
/* End XCBuildConfiguration section */

/* Begin XCConfigurationList section */
		426677581ADCDA3600F1289A /* Build configuration list for PBXProject "CCube" */ = {
			isa = XCConfigurationList;
			buildConfigurations = (
				4266777E1ADCDA3600F1289A /* Debug */,
				4266777F1ADCDA3600F1289A /* Release */,
			);
			defaultConfigurationIsVisible = 0;
			defaultConfigurationName = Release;
		};
		426677801ADCDA3600F1289A /* Build configuration list for PBXNativeTarget "CCube" */ = {
			isa = XCConfigurationList;
			buildConfigurations = (
				426677811ADCDA3600F1289A /* Debug */,
				426677821ADCDA3600F1289A /* Release */,
			);
			defaultConfigurationIsVisible = 0;
			defaultConfigurationName = Release;
		};
		426677831ADCDA3600F1289A /* Build configuration list for PBXNativeTarget "CCubeTests" */ = {
			isa = XCConfigurationList;
			buildConfigurations = (
				426677841ADCDA3600F1289A /* Debug */,
				426677851ADCDA3600F1289A /* Release */,
			);
			defaultConfigurationIsVisible = 0;
			defaultConfigurationName = Release;
		};
/* End XCConfigurationList section */
	};
	rootObject = 426677551ADCDA3600F1289A /* Project object */;
}
